
Microsoft Visual Studio Solution File, Format Version 12.00
# Visual Studio 15
VisualStudioVersion = 15.0.27130.2010
MinimumVisualStudioVersion = 10.0.40219.1
Project("{FAE04EC0-301F-11D3-BF4B-00C04F79EFBC}") = "Lib.Mvc.ActionFilter", "Lib.Mvc.ActionFilter\Lib.Mvc.ActionFilter.csproj", "{6DB4E9C4-CC23-421A-ABD4-B1A7EEA624BA}"
EndProject
Global
	GlobalSection(SolutionConfigurationPlatforms) = preSolution
		Debug|Any CPU = Debug|Any CPU
		Release|Any CPU = Release|Any CPU
	EndGlobalSection
	GlobalSection(ProjectConfigurationPlatforms) = postSolution
		{6DB4E9C4-CC23-421A-ABD4-B1A7EEA624BA}.Debug|Any CPU.ActiveCfg = Debug|Any CPU
		{6DB4E9C4-CC23-421A-ABD4-B1A7EEA624BA}.Debug|Any CPU.Build.0 = Debug|Any CPU
		{6DB4E9C4-CC23-421A-ABD4-B1A7EEA624BA}.Release|Any CPU.ActiveCfg = Release|Any CPU
		{6DB4E9C4-CC23-421A-ABD4-B1A7EEA624BA}.Release|Any CPU.Build.0 = Release|Any CPU
	EndGlobalSection
	GlobalSection(SolutionProperties) = preSolution
		HideSolutionNode = FALSE
	EndGlobalSection
	GlobalSection(ExtensibilityGlobals) = postSolution
		SolutionGuid = {DCF824ED-4DB8-48AB-9958-D713A48E9344}
	EndGlobalSection
EndGlobal
